
Microsoft Visual Studio Solution File, Format Version 12.00
# Visual Studio 15
Project("{FAE04EC0-301F-11D3-BF4B-00C04F79EFBC}") = "UnnamedPuzzleProject", "UnnamedPuzzleProject.csproj", "{492C6F10-26F8-0897-7144-CA13A97A5933}"
EndProject
Project("{FAE04EC0-301F-11D3-BF4B-00C04F79EFBC}") = "UnnamedPuzzleProject.Editor", "UnnamedPuzzleProject.Editor.csproj", "{3A8D3D9B-1936-2AC1-4A07-16670267AAB5}"
EndProject
Global
	GlobalSection(SolutionConfigurationPlatforms) = preSolution
		Debug|Any CPU = Debug|Any CPU
		Release|Any CPU = Release|Any CPU
	EndGlobalSection
	GlobalSection(ProjectConfigurationPlatforms) = postSolution
		{492C6F10-26F8-0897-7144-CA13A97A5933}.Debug|Any CPU.ActiveCfg = Debug|Any CPU
		{492C6F10-26F8-0897-7144-CA13A97A5933}.Debug|Any CPU.Build.0 = Debug|Any CPU
		{492C6F10-26F8-0897-7144-CA13A97A5933}.Release|Any CPU.ActiveCfg = Release|Any CPU
		{492C6F10-26F8-0897-7144-CA13A97A5933}.Release|Any CPU.Build.0 = Release|Any CPU
		{3A8D3D9B-1936-2AC1-4A07-16670267AAB5}.Debug|Any CPU.ActiveCfg = Debug|Any CPU
		{3A8D3D9B-1936-2AC1-4A07-16670267AAB5}.Debug|Any CPU.Build.0 = Debug|Any CPU
		{3A8D3D9B-1936-2AC1-4A07-16670267AAB5}.Release|Any CPU.ActiveCfg = Release|Any CPU
		{3A8D3D9B-1936-2AC1-4A07-16670267AAB5}.Release|Any CPU.Build.0 = Release|Any CPU
	EndGlobalSection
	GlobalSection(SolutionProperties) = preSolution
		HideSolutionNode = FALSE
	EndGlobalSection
EndGlobal
